
Microsoft Visual Studio Solution File, Format Version 12.00
# Visual Studio Version 16
VisualStudioVersion = 16.0.29905.134
MinimumVisualStudioVersion = 10.0.40219.1
Project("{FAE04EC0-301F-11D3-BF4B-00C04F79EFBC}") = "Laboratorio 2", "Laboratorio 2.csproj", "{4877F16A-3E10-49B9-8280-892AA2C9583B}"
EndProject
Global
	GlobalSection(SolutionConfigurationPlatforms) = preSolution
		Debug|Any CPU = Debug|Any CPU
		Release|Any CPU = Release|Any CPU
	EndGlobalSection
	GlobalSection(ProjectConfigurationPlatforms) = postSolution
		{4877F16A-3E10-49B9-8280-892AA2C9583B}.Debug|Any CPU.ActiveCfg = Debug|Any CPU
		{4877F16A-3E10-49B9-8280-892AA2C9583B}.Debug|Any CPU.Build.0 = Debug|Any CPU
		{4877F16A-3E10-49B9-8280-892AA2C9583B}.Release|Any CPU.ActiveCfg = Release|Any CPU
		{4877F16A-3E10-49B9-8280-892AA2C9583B}.Release|Any CPU.Build.0 = Release|Any CPU
	EndGlobalSection
	GlobalSection(SolutionProperties) = preSolution
		HideSolutionNode = FALSE
	EndGlobalSection
	GlobalSection(ExtensibilityGlobals) = postSolution
		SolutionGuid = {BA446516-E302-4BC7-8484-612F287E802C}
	EndGlobalSection
EndGlobal
